
Microsoft Visual Studio Solution File, Format Version 12.00
Project("{FAE04EC0-301F-11D3-BF4B-00C04F79EFBC}") = "TitleSquisher", "TitleSquisher\TitleSquisher.csproj", "{35416174-2A44-4AA1-AF1D-0D09034A931F}"
EndProject
Global
	GlobalSection(SolutionConfigurationPlatforms) = preSolution
		Debug|Any CPU = Debug|Any CPU
		Debug|AMD64 = Debug|AMD64
		Release|Any CPU = Release|Any CPU
	EndGlobalSection
	GlobalSection(ProjectConfigurationPlatforms) = postSolution
		{35416174-2A44-4AA1-AF1D-0D09034A931F}.Debug|Any CPU.ActiveCfg = Debug|Any CPU
		{35416174-2A44-4AA1-AF1D-0D09034A931F}.Debug|Any CPU.Build.0 = Debug|Any CPU
		{35416174-2A44-4AA1-AF1D-0D09034A931F}.Release|Any CPU.ActiveCfg = Release|Any CPU
		{35416174-2A44-4AA1-AF1D-0D09034A931F}.Release|Any CPU.Build.0 = Release|Any CPU
		{35416174-2A44-4AA1-AF1D-0D09034A931F}.Debug|AMD64.ActiveCfg = Debug|x64
		{35416174-2A44-4AA1-AF1D-0D09034A931F}.Debug|AMD64.Build.0 = Debug|x64
	EndGlobalSection
EndGlobal
